// !$*UTF8*$!
{
	archiveVersion = 1;
	classes = {
	};
	objectVersion = 46;
	objects = {

/* Begin PBXBuildFile section */
		45A730441DACE7B400F6959F /* main.m in Sources */ = {isa = PBXBuildFile; fileRef = 45A730431DACE7B400F6959F /* main.m */; };
		45A7304C1DACF0FE00F6959F /* Console.m in Sources */ = {isa = PBXBuildFile; fileRef = 45A7304B1DACF0FE00F6959F /* Console.m */; };
		45A7304F1DACF11300F6959F /* Point3D.m in Sources */ = {isa = PBXBuildFile; fileRef = 45A7304E1DACF11300F6959F /* Point3D.m */; };
/* End PBXBuildFile section */

/* Begin PBXCopyFilesBuildPhase section */
		45A7303E1DACE7B400F6959F /* CopyFiles */ = {
			isa = PBXCopyFilesBuildPhase;
			buildActionMask = 2147483647;
			dstPath = /usr/share/man/man1/;
			dstSubfolderSpec = 0;
			files = (
			);
			runOnlyForDeploymentPostprocessing = 1;
		};
/* End PBXCopyFilesBuildPhase section */

/* Begin PBXFileReference section */
		45A730401DACE7B400F6959F /* JSBinding2 */ = {isa = PBXFileReference; explicitFileType = "compiled.mach-o.executable"; includeInIndex = 0; path = JSBinding2; sourceTree = BUILT_PRODUCTS_DIR; };
		45A730431DACE7B400F6959F /* main.m */ = {isa = PBXFileReference; lastKnownFileType = sourcecode.c.objc; path = main.m; sourceTree = "<group>"; };
		45A7304A1DACF0FE00F6959F /* Console.h */ = {isa = PBXFileReference; fileEncoding = 4; lastKnownFileType = sourcecode.c.h; path = Console.h; sourceTree = "<group>"; };
		45A7304B1DACF0FE00F6959F /* Console.m */ = {isa = PBXFileReference; fileEncoding = 4; lastKnownFileType = sourcecode.c.objc; path = Console.m; sourceTree = "<group>"; };
		45A7304D1DACF11300F6959F /* Point3D.h */ = {isa = PBXFileReference; fileEncoding = 4; lastKnownFileType = sourcecode.c.h; path = Point3D.h; sourceTree = "<group>"; };
		45A7304E1DACF11300F6959F /* Point3D.m */ = {isa = PBXFileReference; fileEncoding = 4; lastKnownFileType = sourcecode.c.objc; path = Point3D.m; sourceTree = "<group>"; };
/* End PBXFileReference section */

/* Begin PBXFrameworksBuildPhase section */
		45A7303D1DACE7B400F6959F /* Frameworks */ = {
			isa = PBXFrameworksBuildPhase;
			buildActionMask = 2147483647;
			files = (
			);
			runOnlyForDeploymentPostprocessing = 0;
		};
/* End PBXFrameworksBuildPhase section */

/* Begin PBXGroup section */
		45A730371DACE7B400F6959F = {
			isa = PBXGroup;
			children = (
				45A730421DACE7B400F6959F /* JSBinding2 */,
				45A730411DACE7B400F6959F /* Products */,
			);
			sourceTree = "<group>";
		};
		45A730411DACE7B400F6959F /* Products */ = {
			isa = PBXGroup;
			children = (
				45A730401DACE7B400F6959F /* JSBinding2 */,
			);
			name = Products;
			sourceTree = "<group>";
		};
		45A730421DACE7B400F6959F /* JSBinding2 */ = {
			isa = PBXGroup;
			children = (
				45A730431DACE7B400F6959F /* main.m */,
				45A7304A1DACF0FE00F6959F /* Console.h */,
				45A7304B1DACF0FE00F6959F /* Console.m */,
				45A7304D1DACF11300F6959F /* Point3D.h */,
				45A7304E1DACF11300F6959F /* Point3D.m */,
			);
			path = JSBinding2;
			sourceTree = "<group>";
		};
/* End PBXGroup section */

/* Begin PBXNativeTarget section */
		45A7303F1DACE7B400F6959F /* JSBinding2 */ = {
			isa = PBXNativeTarget;
			buildConfigurationList = 45A730471DACE7B400F6959F /* Build configuration list for PBXNativeTarget "JSBinding2" */;
			buildPhases = (
				45A7303C1DACE7B400F6959F /* Sources */,
				45A7303D1DACE7B400F6959F /* Frameworks */,
				45A7303E1DACE7B400F6959F /* CopyFiles */,
			);
			buildRules = (
			);
			dependencies = (
			);
			name = JSBinding2;
			productName = JSBinding2;
			productReference = 45A730401DACE7B400F6959F /* JSBinding2 */;
			productType = "com.apple.product-type.tool";
		};
/* End PBXNativeTarget section */

/* Begin PBXProject section */
		45A730381DACE7B400F6959F /* Project object */ = {
			isa = PBXProject;
			attributes = {
				LastUpgradeCheck = 0800;
				ORGANIZATIONNAME = bjcric;
				TargetAttributes = {
					45A7303F1DACE7B400F6959F = {
						CreatedOnToolsVersion = 8.0;
						DevelopmentTeam = 58W4HKZ65K;
						ProvisioningStyle = Automatic;
					};
				};
			};
			buildConfigurationList = 45A7303B1DACE7B400F6959F /* Build configuration list for PBXProject "JSBinding2" */;
			compatibilityVersion = "Xcode 3.2";
			developmentRegion = English;
			hasScannedForEncodings = 0;
			knownRegions = (
				en,
			);
			mainGroup = 45A730371DACE7B400F6959F;
			productRefGroup = 45A730411DACE7B400F6959F /* Products */;
			projectDirPath = "";
			projectRoot = "";
			targets = (
				45A7303F1DACE7B400F6959F /* JSBinding2 */,
			);
		};
/* End PBXProject section */

/* Begin PBXSourcesBuildPhase section */
		45A7303C1DACE7B400F6959F /* Sources */ = {
			isa = PBXSourcesBuildPhase;
			buildActionMask = 2147483647;
			files = (
				45A7304F1DACF11300F6959F /* Point3D.m in Sources */,
				45A730441DACE7B400F6959F /* main.m in Sources */,
				45A7304C1DACF0FE00F6959F /* Console.m in Sources */,
			);
			runOnlyForDeploymentPostprocessing = 0;
		};
/* End PBXSourcesBuildPhase section */

/* Begin XCBuildConfiguration section */
		45A730451DACE7B400F6959F /* Debug */ = {
			isa = XCBuildConfiguration;
			buildSettings = {
				ALWAYS_SEARCH_USER_PATHS = NO;
				CLANG_ANALYZER_NONNULL = YES;
				CLANG_CXX_LANGUAGE_STANDARD = "gnu++0x";
				CLANG_CXX_LIBRARY = "libc++";
				CLANG_ENABLE_MODULES = YES;
				CLANG_ENABLE_OBJC_ARC = YES;
				CLANG_WARN_BOOL_CONVERSION = YES;
				CLANG_WARN_CONSTANT_CONVERSION = YES;
				CLANG_WARN_DIRECT_OBJC_ISA_USAGE = YES_ERROR;
				CLANG_WARN_DOCUMENTATION_COMMENTS = YES;
				CLANG_WARN_EMPTY_BODY = YES;
				CLANG_WARN_ENUM_CONVERSION = YES;
				CLANG_WARN_INFINITE_RECURSION = YES;
				CLANG_WARN_INT_CONVERSION = YES;
				CLANG_WARN_OBJC_ROOT_CLASS = YES_ERROR;
				CLANG_WARN_SUSPICIOUS_MOVES = YES;
				CLANG_WARN_UNREACHABLE_CODE = YES;
				CLANG_WARN__DUPLICATE_METHOD_MATCH = YES;
				CODE_SIGN_IDENTITY = "-";
				COPY_PHASE_STRIP = NO;
				DEBUG_INFORMATION_FORMAT = dwarf;
				ENABLE_STRICT_OBJC_MSGSEND = YES;
				ENABLE_TESTABILITY = YES;
				GCC_C_LANGUAGE_STANDARD = gnu99;
				GCC_DYNAMIC_NO_PIC = NO;
				GCC_NO_COMMON_BLOCKS = YES;
				GCC_OPTIMIZATION_LEVEL = 0;
				GCC_PREPROCESSOR_DEFINITIONS = (
					"DEBUG=1",
					"$(inherited)",
				);
				GCC_WARN_64_TO_32_BIT_CONVERSION = YES;
				GCC_WARN_ABOUT_RETURN_TYPE = YES_ERROR;
				GCC_WARN_UNDECLARED_SELECTOR = YES;
				GCC_WARN_UNINITIALIZED_AUTOS = YES_AGGRESSIVE;
				GCC_WARN_UNUSED_FUNCTION = YES;
				GCC_WARN_UNUSED_VARIABLE = YES;
				MACOSX_DEPLOYMENT_TARGET = 10.12;
				MTL_ENABLE_DEBUG_INFO = YES;
				ONLY_ACTIVE_ARCH = YES;
				SDKROOT = macosx;
			};
			name = Debug;
		};
		45A730461DACE7B400F6959F /* Release */ = {
			isa = XCBuildConfiguration;
			buildSettings = {
				ALWAYS_SEARCH_USER_PATHS = NO;
				CLANG_ANALYZER_NONNULL = YES;
				CLANG_CXX_LANGUAGE_STANDARD = "gnu++0x";
				CLANG_CXX_LIBRARY = "libc++";
				CLANG_ENABLE_MODULES = YES;
				CLANG_ENABLE_OBJC_ARC = YES;
				CLANG_WARN_BOOL_CONVERSION = YES;
				CLANG_WARN_CONSTANT_CONVERSION = YES;
				CLANG_WARN_DIRECT_OBJC_ISA_USAGE = YES_ERROR;
				CLANG_WARN_DOCUMENTATION_COMMENTS = YES;
				CLANG_WARN_EMPTY_BODY = YES;
				CLANG_WARN_ENUM_CONVERSION = YES;
				CLANG_WARN_INFINITE_RECURSION = YES;
				CLANG_WARN_INT_CONVERSION = YES;
				CLANG_WARN_OBJC_ROOT_CLASS = YES_ERROR;
				CLANG_WARN_SUSPICIOUS_MOVES = YES;
				CLANG_WARN_UNREACHABLE_CODE = YES;
				CLANG_WARN__DUPLICATE_METHOD_MATCH = YES;
				CODE_SIGN_IDENTITY = "-";
				COPY_PHASE_STRIP = NO;
				DEBUG_INFORMATION_FORMAT = "dwarf-with-dsym";
				ENABLE_NS_ASSERTIONS = NO;
				ENABLE_STRICT_OBJC_MSGSEND = YES;
				GCC_C_LANGUAGE_STANDARD = gnu99;
				GCC_NO_COMMON_BLOCKS = YES;
				GCC_WARN_64_TO_32_BIT_CONVERSION = YES;
				GCC_WARN_ABOUT_RETURN_TYPE = YES_ERROR;
				GCC_WARN_UNDECLARED_SELECTOR = YES;
				GCC_WARN_UNINITIALIZED_AUTOS = YES_AGGRESSIVE;
				GCC_WARN_UNUSED_FUNCTION = YES;
				GCC_WARN_UNUSED_VARIABLE = YES;
				MACOSX_DEPLOYMENT_TARGET = 10.12;
				MTL_ENABLE_DEBUG_INFO = NO;
				SDKROOT = macosx;
			};
			name = Release;
		};
		45A730481DACE7B400F6959F /* Debug */ = {
			isa = XCBuildConfiguration;
			buildSettings = {
				DEVELOPMENT_TEAM = 58W4HKZ65K;
				PRODUCT_NAME = "$(TARGET_NAME)";
			};
			name = Debug;
		};
		45A730491DACE7B400F6959F /* Release */ = {
			isa = XCBuildConfiguration;
			buildSettings = {
				DEVELOPMENT_TEAM = 58W4HKZ65K;
				PRODUCT_NAME = "$(TARGET_NAME)";
			};
			name = Release;
		};
/* End XCBuildConfiguration section */

/* Begin XCConfigurationList section */
		45A7303B1DACE7B400F6959F /* Build configuration list for PBXProject "JSBinding2" */ = {
			isa = XCConfigurationList;
			buildConfigurations = (
				45A730451DACE7B400F6959F /* Debug */,
				45A730461DACE7B400F6959F /* Release */,
			);
			defaultConfigurationIsVisible = 0;
			defaultConfigurationName = Release;
		};
		45A730471DACE7B400F6959F /* Build configuration list for PBXNativeTarget "JSBinding2" */ = {
			isa = XCConfigurationList;
			buildConfigurations = (
				45A730481DACE7B400F6959F /* Debug */,
				45A730491DACE7B400F6959F /* Release */,
			);
			defaultConfigurationIsVisible = 0;
		};
/* End XCConfigurationList section */
	};
	rootObject = 45A730381DACE7B400F6959F /* Project object */;
}
